
Microsoft Visual Studio Solution File, Format Version 12.00
# Visual Studio Version 17
VisualStudioVersion = 17.5.33530.505
MinimumVisualStudioVersion = 10.0.40219.1
Project("{FAE04EC0-301F-11D3-BF4B-00C04F79EFBC}") = "TemplateWebSiteYapimi", "TemplateWebSiteYapimi\TemplateWebSiteYapimi.csproj", "{33BA9DC2-EE5F-4D68-B1C2-7DD733834A53}"
EndProject
Global
	GlobalSection(SolutionConfigurationPlatforms) = preSolution
		Debug|Any CPU = Debug|Any CPU
		Release|Any CPU = Release|Any CPU
	EndGlobalSection
	GlobalSection(ProjectConfigurationPlatforms) = postSolution
		{33BA9DC2-EE5F-4D68-B1C2-7DD733834A53}.Debug|Any CPU.ActiveCfg = Debug|Any CPU
		{33BA9DC2-EE5F-4D68-B1C2-7DD733834A53}.Debug|Any CPU.Build.0 = Debug|Any CPU
		{33BA9DC2-EE5F-4D68-B1C2-7DD733834A53}.Release|Any CPU.ActiveCfg = Release|Any CPU
		{33BA9DC2-EE5F-4D68-B1C2-7DD733834A53}.Release|Any CPU.Build.0 = Release|Any CPU
	EndGlobalSection
	GlobalSection(SolutionProperties) = preSolution
		HideSolutionNode = FALSE
	EndGlobalSection
	GlobalSection(ExtensibilityGlobals) = postSolution
		SolutionGuid = {F7AC3ECB-D7D9-44A3-8A14-EE8768830EDF}
	EndGlobalSection
EndGlobal
